
Microsoft Visual Studio Solution File, Format Version 12.00
# Visual Studio 14
VisualStudioVersion = 14.0.25123.0
MinimumVisualStudioVersion = 10.0.40219.1
Project("{FAE04EC0-301F-11D3-BF4B-00C04F79EFBC}") = "Voucherify.net35", "Voucherify\Voucherify.net35.csproj", "{136E8C0C-3E92-42AD-84A5-109612BB51EB}"
EndProject
Project("{FAE04EC0-301F-11D3-BF4B-00C04F79EFBC}") = "Voucherify.net40", "Voucherify\Voucherify.net40.csproj", "{98D10C3F-5B1A-472B-B32B-E2D6F9613D60}"
EndProject
Project("{FAE04EC0-301F-11D3-BF4B-00C04F79EFBC}") = "Voucherify.net45", "Voucherify\Voucherify.net45.csproj", "{1CFCEB3B-1219-433D-B603-8B465FE517A0}"
EndProject
Project("{FAE04EC0-301F-11D3-BF4B-00C04F79EFBC}") = "Voucherify.net20", "Voucherify\Voucherify.net20.csproj", "{B1C3D407-1EE6-4603-B00E-05EE8FAB876A}"
EndProject
Project("{FAE04EC0-301F-11D3-BF4B-00C04F79EFBC}") = "Voucherify.net45.Portable", "Voucherify\Voucherify.net45.Portable.csproj", "{C029B9E7-E636-4C2D-B178-C3288D24884C}"
EndProject
Project("{2150E333-8FDC-42A3-9474-1A3956D46DE8}") = "Core", "Core", "{A3B03453-7491-4760-896A-DAE0BD4B2B6E}"
EndProject
Project("{2150E333-8FDC-42A3-9474-1A3956D46DE8}") = "Client", "Client", "{3A5AF7DE-D985-4FC0-9589-646418744C6A}"
EndProject
Project("{2150E333-8FDC-42A3-9474-1A3956D46DE8}") = "Server", "Server", "{FA2617F7-6E20-4F19-86B4-46FE6AF95659}"
EndProject
Project("{2150E333-8FDC-42A3-9474-1A3956D46DE8}") = "Tests", "Tests", "{DF418FF6-4C9B-4961-8CB4-2BC394846F0F}"
EndProject
Project("{2150E333-8FDC-42A3-9474-1A3956D46DE8}") = "Examples", "Examples", "{4572FB8F-C22E-474F-91E7-051178B31FA9}"
EndProject
Project("{FAE04EC0-301F-11D3-BF4B-00C04F79EFBC}") = "Voucherify.Client.net20", "Voucherify\Voucherify.Client.net20.csproj", "{F81A1935-3083-464A-BD14-BE65BE1D4788}"
EndProject
Project("{FAE04EC0-301F-11D3-BF4B-00C04F79EFBC}") = "Voucherify.Client.net35", "Voucherify\Voucherify.Client.net35.csproj", "{5122D2AF-5966-4D71-9B25-C226B9033935}"
EndProject
Project("{FAE04EC0-301F-11D3-BF4B-00C04F79EFBC}") = "Voucherify.Client.net35.Unity", "Voucherify\Voucherify.Client.net35.Unity.csproj", "{88E38BE3-1A5A-4A22-B18B-2960DB6D64B6}"
EndProject
Project("{FAE04EC0-301F-11D3-BF4B-00C04F79EFBC}") = "Voucherify.Client.net40", "Voucherify\Voucherify.Client.net40.csproj", "{71A90F7B-E405-4FCE-AB12-E99E960C88DD}"
EndProject
Project("{FAE04EC0-301F-11D3-BF4B-00C04F79EFBC}") = "Voucherify.Client.net45", "Voucherify\Voucherify.Client.net45.csproj", "{85625E9C-B21C-4330-94C7-24D724463207}"
EndProject
Project("{FAE04EC0-301F-11D3-BF4B-00C04F79EFBC}") = "Voucherify.Client.net45.Portable", "Voucherify\Voucherify.Client.net45.Portable.csproj", "{109C20C9-26BC-4B60-9575-5E344E4B1758}"
EndProject
Project("{FAE04EC0-301F-11D3-BF4B-00C04F79EFBC}") = "Voucherify.Core", "Voucherify\Voucherify.Core.csproj", "{4ED31682-FF11-4D76-9722-691140F04A66}"
EndProject
Project("{FAE04EC0-301F-11D3-BF4B-00C04F79EFBC}") = "Voucherify.Example.net20", "Voucherify.Example.net20\Voucherify.Example.net20.csproj", "{4896F250-EE72-4E92-97AB-3C63098DAEF2}"
EndProject
Project("{FAE04EC0-301F-11D3-BF4B-00C04F79EFBC}") = "Voucherify.Example.net45", "Voucherify.Example.net45\Voucherify.Example.net45.csproj", "{42157C6F-C28B-4F84-96F9-A3FDB1442DC9}"
EndProject
Project("{FAE04EC0-301F-11D3-BF4B-00C04F79EFBC}") = "Voucherify.Client.Example.net20", "Voucherify.Client.Example.net20\Voucherify.Client.Example.net20.csproj", "{5A2FE351-A1E8-4279-B303-3354663C46E3}"
EndProject
Project("{FAE04EC0-301F-11D3-BF4B-00C04F79EFBC}") = "Voucherify.Client.Example.net45", "Voucherify.Client.Example.net45\Voucherify.Client.Example.net45.csproj", "{C774E74E-E3AD-4043-8AB7-6459C4BFE1FB}"
EndProject
Project("{FAE04EC0-301F-11D3-BF4B-00C04F79EFBC}") = "Voucherify.Core.Tests", "Voucherify.Core.Tests\Voucherify.Core.Tests.csproj", "{B18CC1F4-6ED0-4A44-B16A-015A074FFE2F}"
EndProject
Global
	GlobalSection(SolutionConfigurationPlatforms) = preSolution
		Debug|Any CPU = Debug|Any CPU
		Release|Any CPU = Release|Any CPU
	EndGlobalSection
	GlobalSection(ProjectConfigurationPlatforms) = postSolution
		{136E8C0C-3E92-42AD-84A5-109612BB51EB}.Debug|Any CPU.ActiveCfg = Debug|Any CPU
		{136E8C0C-3E92-42AD-84A5-109612BB51EB}.Debug|Any CPU.Build.0 = Debug|Any CPU
		{136E8C0C-3E92-42AD-84A5-109612BB51EB}.Release|Any CPU.ActiveCfg = Release|Any CPU
		{136E8C0C-3E92-42AD-84A5-109612BB51EB}.Release|Any CPU.Build.0 = Release|Any CPU
		{98D10C3F-5B1A-472B-B32B-E2D6F9613D60}.Debug|Any CPU.ActiveCfg = Debug|Any CPU
		{98D10C3F-5B1A-472B-B32B-E2D6F9613D60}.Debug|Any CPU.Build.0 = Debug|Any CPU
		{98D10C3F-5B1A-472B-B32B-E2D6F9613D60}.Release|Any CPU.ActiveCfg = Release|Any CPU
		{98D10C3F-5B1A-472B-B32B-E2D6F9613D60}.Release|Any CPU.Build.0 = Release|Any CPU
		{1CFCEB3B-1219-433D-B603-8B465FE517A0}.Debug|Any CPU.ActiveCfg = Debug|Any CPU
		{1CFCEB3B-1219-433D-B603-8B465FE517A0}.Debug|Any CPU.Build.0 = Debug|Any CPU
		{1CFCEB3B-1219-433D-B603-8B465FE517A0}.Release|Any CPU.ActiveCfg = Release|Any CPU
		{1CFCEB3B-1219-433D-B603-8B465FE517A0}.Release|Any CPU.Build.0 = Release|Any CPU
		{B1C3D407-1EE6-4603-B00E-05EE8FAB876A}.Debug|Any CPU.ActiveCfg = Debug|Any CPU
		{B1C3D407-1EE6-4603-B00E-05EE8FAB876A}.Debug|Any CPU.Build.0 = Debug|Any CPU
		{B1C3D407-1EE6-4603-B00E-05EE8FAB876A}.Release|Any CPU.ActiveCfg = Release|Any CPU
		{B1C3D407-1EE6-4603-B00E-05EE8FAB876A}.Release|Any CPU.Build.0 = Release|Any CPU
		{C029B9E7-E636-4C2D-B178-C3288D24884C}.Debug|Any CPU.ActiveCfg = Debug|Any CPU
		{C029B9E7-E636-4C2D-B178-C3288D24884C}.Debug|Any CPU.Build.0 = Debug|Any CPU
		{C029B9E7-E636-4C2D-B178-C3288D24884C}.Release|Any CPU.ActiveCfg = Release|Any CPU
		{C029B9E7-E636-4C2D-B178-C3288D24884C}.Release|Any CPU.Build.0 = Release|Any CPU
		{F81A1935-3083-464A-BD14-BE65BE1D4788}.Debug|Any CPU.ActiveCfg = Debug|Any CPU
		{F81A1935-3083-464A-BD14-BE65BE1D4788}.Debug|Any CPU.Build.0 = Debug|Any CPU
		{F81A1935-3083-464A-BD14-BE65BE1D4788}.Release|Any CPU.ActiveCfg = Release|Any CPU
		{F81A1935-3083-464A-BD14-BE65BE1D4788}.Release|Any CPU.Build.0 = Release|Any CPU
		{5122D2AF-5966-4D71-9B25-C226B9033935}.Debug|Any CPU.ActiveCfg = Debug|Any CPU
		{5122D2AF-5966-4D71-9B25-C226B9033935}.Debug|Any CPU.Build.0 = Debug|Any CPU
		{5122D2AF-5966-4D71-9B25-C226B9033935}.Release|Any CPU.ActiveCfg = Release|Any CPU
		{5122D2AF-5966-4D71-9B25-C226B9033935}.Release|Any CPU.Build.0 = Release|Any CPU
		{88E38BE3-1A5A-4A22-B18B-2960DB6D64B6}.Debug|Any CPU.ActiveCfg = Debug|Any CPU
		{88E38BE3-1A5A-4A22-B18B-2960DB6D64B6}.Debug|Any CPU.Build.0 = Debug|Any CPU
		{88E38BE3-1A5A-4A22-B18B-2960DB6D64B6}.Release|Any CPU.ActiveCfg = Release|Any CPU
		{88E38BE3-1A5A-4A22-B18B-2960DB6D64B6}.Release|Any CPU.Build.0 = Release|Any CPU
		{71A90F7B-E405-4FCE-AB12-E99E960C88DD}.Debug|Any CPU.ActiveCfg = Debug|Any CPU
		{71A90F7B-E405-4FCE-AB12-E99E960C88DD}.Debug|Any CPU.Build.0 = Debug|Any CPU
		{71A90F7B-E405-4FCE-AB12-E99E960C88DD}.Release|Any CPU.ActiveCfg = Release|Any CPU
		{71A90F7B-E405-4FCE-AB12-E99E960C88DD}.Release|Any CPU.Build.0 = Release|Any CPU
		{85625E9C-B21C-4330-94C7-24D724463207}.Debug|Any CPU.ActiveCfg = Debug|Any CPU
		{85625E9C-B21C-4330-94C7-24D724463207}.Debug|Any CPU.Build.0 = Debug|Any CPU
		{85625E9C-B21C-4330-94C7-24D724463207}.Release|Any CPU.ActiveCfg = Release|Any CPU
		{85625E9C-B21C-4330-94C7-24D724463207}.Release|Any CPU.Build.0 = Release|Any CPU
		{109C20C9-26BC-4B60-9575-5E344E4B1758}.Debug|Any CPU.ActiveCfg = Debug|Any CPU
		{109C20C9-26BC-4B60-9575-5E344E4B1758}.Debug|Any CPU.Build.0 = Debug|Any CPU
		{109C20C9-26BC-4B60-9575-5E344E4B1758}.Release|Any CPU.ActiveCfg = Release|Any CPU
		{109C20C9-26BC-4B60-9575-5E344E4B1758}.Release|Any CPU.Build.0 = Release|Any CPU
		{4ED31682-FF11-4D76-9722-691140F04A66}.Debug|Any CPU.ActiveCfg = Debug|Any CPU
		{4ED31682-FF11-4D76-9722-691140F04A66}.Debug|Any CPU.Build.0 = Debug|Any CPU
		{4ED31682-FF11-4D76-9722-691140F04A66}.Release|Any CPU.ActiveCfg = Release|Any CPU
		{4ED31682-FF11-4D76-9722-691140F04A66}.Release|Any CPU.Build.0 = Release|Any CPU
		{4896F250-EE72-4E92-97AB-3C63098DAEF2}.Debug|Any CPU.ActiveCfg = Debug|Any CPU
		{4896F250-EE72-4E92-97AB-3C63098DAEF2}.Debug|Any CPU.Build.0 = Debug|Any CPU
		{4896F250-EE72-4E92-97AB-3C63098DAEF2}.Release|Any CPU.ActiveCfg = Release|Any CPU
		{4896F250-EE72-4E92-97AB-3C63098DAEF2}.Release|Any CPU.Build.0 = Release|Any CPU
		{42157C6F-C28B-4F84-96F9-A3FDB1442DC9}.Debug|Any CPU.ActiveCfg = Debug|Any CPU
		{42157C6F-C28B-4F84-96F9-A3FDB1442DC9}.Debug|Any CPU.Build.0 = Debug|Any CPU
		{42157C6F-C28B-4F84-96F9-A3FDB1442DC9}.Release|Any CPU.ActiveCfg = Release|Any CPU
		{42157C6F-C28B-4F84-96F9-A3FDB1442DC9}.Release|Any CPU.Build.0 = Release|Any CPU
		{5A2FE351-A1E8-4279-B303-3354663C46E3}.Debug|Any CPU.ActiveCfg = Debug|Any CPU
		{5A2FE351-A1E8-4279-B303-3354663C46E3}.Debug|Any CPU.Build.0 = Debug|Any CPU
		{5A2FE351-A1E8-4279-B303-3354663C46E3}.Release|Any CPU.ActiveCfg = Release|Any CPU
		{5A2FE351-A1E8-4279-B303-3354663C46E3}.Release|Any CPU.Build.0 = Release|Any CPU
		{C774E74E-E3AD-4043-8AB7-6459C4BFE1FB}.Debug|Any CPU.ActiveCfg = Debug|Any CPU
		{C774E74E-E3AD-4043-8AB7-6459C4BFE1FB}.Debug|Any CPU.Build.0 = Debug|Any CPU
		{C774E74E-E3AD-4043-8AB7-6459C4BFE1FB}.Release|Any CPU.ActiveCfg = Release|Any CPU
		{C774E74E-E3AD-4043-8AB7-6459C4BFE1FB}.Release|Any CPU.Build.0 = Release|Any CPU
		{B18CC1F4-6ED0-4A44-B16A-015A074FFE2F}.Debug|Any CPU.ActiveCfg = Debug|Any CPU
		{B18CC1F4-6ED0-4A44-B16A-015A074FFE2F}.Debug|Any CPU.Build.0 = Debug|Any CPU
		{B18CC1F4-6ED0-4A44-B16A-015A074FFE2F}.Release|Any CPU.ActiveCfg = Release|Any CPU
		{B18CC1F4-6ED0-4A44-B16A-015A074FFE2F}.Release|Any CPU.Build.0 = Release|Any CPU
	EndGlobalSection
	GlobalSection(SolutionProperties) = preSolution
		HideSolutionNode = FALSE
	EndGlobalSection
	GlobalSection(NestedProjects) = preSolution
		{136E8C0C-3E92-42AD-84A5-109612BB51EB} = {FA2617F7-6E20-4F19-86B4-46FE6AF95659}
		{98D10C3F-5B1A-472B-B32B-E2D6F9613D60} = {FA2617F7-6E20-4F19-86B4-46FE6AF95659}
		{1CFCEB3B-1219-433D-B603-8B465FE517A0} = {FA2617F7-6E20-4F19-86B4-46FE6AF95659}
		{B1C3D407-1EE6-4603-B00E-05EE8FAB876A} = {FA2617F7-6E20-4F19-86B4-46FE6AF95659}
		{C029B9E7-E636-4C2D-B178-C3288D24884C} = {FA2617F7-6E20-4F19-86B4-46FE6AF95659}
		{F81A1935-3083-464A-BD14-BE65BE1D4788} = {3A5AF7DE-D985-4FC0-9589-646418744C6A}
		{5122D2AF-5966-4D71-9B25-C226B9033935} = {3A5AF7DE-D985-4FC0-9589-646418744C6A}
		{88E38BE3-1A5A-4A22-B18B-2960DB6D64B6} = {3A5AF7DE-D985-4FC0-9589-646418744C6A}
		{71A90F7B-E405-4FCE-AB12-E99E960C88DD} = {3A5AF7DE-D985-4FC0-9589-646418744C6A}
		{85625E9C-B21C-4330-94C7-24D724463207} = {3A5AF7DE-D985-4FC0-9589-646418744C6A}
		{109C20C9-26BC-4B60-9575-5E344E4B1758} = {3A5AF7DE-D985-4FC0-9589-646418744C6A}
		{4ED31682-FF11-4D76-9722-691140F04A66} = {A3B03453-7491-4760-896A-DAE0BD4B2B6E}
		{4896F250-EE72-4E92-97AB-3C63098DAEF2} = {4572FB8F-C22E-474F-91E7-051178B31FA9}
		{42157C6F-C28B-4F84-96F9-A3FDB1442DC9} = {4572FB8F-C22E-474F-91E7-051178B31FA9}
		{5A2FE351-A1E8-4279-B303-3354663C46E3} = {4572FB8F-C22E-474F-91E7-051178B31FA9}
		{C774E74E-E3AD-4043-8AB7-6459C4BFE1FB} = {4572FB8F-C22E-474F-91E7-051178B31FA9}
		{B18CC1F4-6ED0-4A44-B16A-015A074FFE2F} = {DF418FF6-4C9B-4961-8CB4-2BC394846F0F}
	EndGlobalSection
EndGlobal
