
Microsoft Visual Studio Solution File, Format Version 12.00
# Visual Studio 14
VisualStudioVersion = 14.0.25123.0
MinimumVisualStudioVersion = 10.0.40219.1
Project("{FAE04EC0-301F-11D3-BF4B-00C04F79EFBC}") = "Voucherify.Client.net45", "Voucherify.Client\Voucherify.Client.net45.csproj", "{1CFCEB3B-1219-433D-B603-8B465FE517A0}"
EndProject
Project("{FAE04EC0-301F-11D3-BF4B-00C04F79EFBC}") = "Voucherify.Client.net45.Tests", "Voucherify.Client.net45.Tests\Voucherify.Client.net45.Tests.csproj", "{B4193030-3214-4922-8101-EA7412B38038}"
EndProject
Project("{FAE04EC0-301F-11D3-BF4B-00C04F79EFBC}") = "Voucherify.Client.net45.Example", "Voucherify.Client.net45.Example\Voucherify.Client.net45.Example.csproj", "{3C678C6B-7528-4565-8311-F933B88FBC78}"
EndProject
Global
	GlobalSection(SolutionConfigurationPlatforms) = preSolution
		Debug|Any CPU = Debug|Any CPU
		Release|Any CPU = Release|Any CPU
	EndGlobalSection
	GlobalSection(ProjectConfigurationPlatforms) = postSolution
		{1CFCEB3B-1219-433D-B603-8B465FE517A0}.Debug|Any CPU.ActiveCfg = Debug|Any CPU
		{1CFCEB3B-1219-433D-B603-8B465FE517A0}.Debug|Any CPU.Build.0 = Debug|Any CPU
		{1CFCEB3B-1219-433D-B603-8B465FE517A0}.Release|Any CPU.ActiveCfg = Release|Any CPU
		{1CFCEB3B-1219-433D-B603-8B465FE517A0}.Release|Any CPU.Build.0 = Release|Any CPU
		{B4193030-3214-4922-8101-EA7412B38038}.Debug|Any CPU.ActiveCfg = Debug|Any CPU
		{B4193030-3214-4922-8101-EA7412B38038}.Debug|Any CPU.Build.0 = Debug|Any CPU
		{B4193030-3214-4922-8101-EA7412B38038}.Release|Any CPU.ActiveCfg = Release|Any CPU
		{B4193030-3214-4922-8101-EA7412B38038}.Release|Any CPU.Build.0 = Release|Any CPU
		{3C678C6B-7528-4565-8311-F933B88FBC78}.Debug|Any CPU.ActiveCfg = Debug|Any CPU
		{3C678C6B-7528-4565-8311-F933B88FBC78}.Debug|Any CPU.Build.0 = Debug|Any CPU
		{3C678C6B-7528-4565-8311-F933B88FBC78}.Release|Any CPU.ActiveCfg = Release|Any CPU
		{3C678C6B-7528-4565-8311-F933B88FBC78}.Release|Any CPU.Build.0 = Release|Any CPU
	EndGlobalSection
	GlobalSection(SolutionProperties) = preSolution
		HideSolutionNode = FALSE
	EndGlobalSection
EndGlobal
