
Microsoft Visual Studio Solution File, Format Version 12.00
# Visual Studio 15
VisualStudioVersion = 15.0.28010.2046
MinimumVisualStudioVersion = 10.0.40219.1
Project("{9A19103F-16F7-4668-BE54-9A1E7A4F7556}") = "Voucherify", "Voucherify\Voucherify.csproj", "{18E6D436-CEBC-436D-B185-911289E7AC2A}"
EndProject
Project("{9A19103F-16F7-4668-BE54-9A1E7A4F7556}") = "Voucherify.Client", "Voucherify\Voucherify.Client.csproj", "{94869AD2-C8CD-4131-9117-5FA49BF4096C}"
EndProject
Project("{FAE04EC0-301F-11D3-BF4B-00C04F79EFBC}") = "Voucherify.Core.Tests", "Test\Voucherify.Core.Tests\Voucherify.Core.Tests.csproj", "{B18CC1F4-6ED0-4A44-B16A-015A074FFE2F}"
EndProject
Project("{2150E333-8FDC-42A3-9474-1A3956D46DE8}") = "Lib", "Lib", "{78489356-336C-4BAF-B406-20B3E4C23B63}"
EndProject
Project("{2150E333-8FDC-42A3-9474-1A3956D46DE8}") = "Tests", "Tests", "{019149ED-6D4B-4DFF-B983-1EDE5FAD0DD2}"
EndProject
Project("{2150E333-8FDC-42A3-9474-1A3956D46DE8}") = "Examples", "Examples", "{E8CB5AB4-ADFE-48BC-B3B6-6C2C2A8DD798}"
EndProject
Project("{FAE04EC0-301F-11D3-BF4B-00C04F79EFBC}") = "Examples.Voucherify.net20", "Examples\Examples.Voucherify.net20\Examples.Voucherify.net20.csproj", "{4621C7EA-A415-4B47-BEA5-7D656E528417}"
EndProject
Project("{FAE04EC0-301F-11D3-BF4B-00C04F79EFBC}") = "Examples.Voucherify.net35", "Examples\Examples.Voucherify.net35\Examples.Voucherify.net35.csproj", "{A2FCBE7A-AA25-4FC2-BD23-EEB039AA1735}"
EndProject
Project("{FAE04EC0-301F-11D3-BF4B-00C04F79EFBC}") = "Examples.Voucherify.net40", "Examples\Examples.Voucherify.net40\Examples.Voucherify.net40.csproj", "{E7A6DD90-BB0D-4813-8E93-79F1F7737D20}"
EndProject
Project("{FAE04EC0-301F-11D3-BF4B-00C04F79EFBC}") = "Examples.Voucherify.net45", "Examples\Examples.Voucherify.net45\Examples.Voucherify.net45.csproj", "{E2A79255-77BE-470A-8E2E-7D2AA4F7611F}"
EndProject
Project("{FAE04EC0-301F-11D3-BF4B-00C04F79EFBC}") = "Examples.Voucherify.Client.net20", "Examples\Examples.Voucherify.Client.net20\Examples.Voucherify.Client.net20.csproj", "{4492EF04-2325-4C5E-8D62-28D4D629343A}"
EndProject
Project("{FAE04EC0-301F-11D3-BF4B-00C04F79EFBC}") = "Examples.Voucherify.Client.net35", "Examples\Examples.Voucherify.Client.net35\Examples.Voucherify.Client.net35.csproj", "{4AA5D59A-D43E-4082-8DA4-4ECC37E46489}"
EndProject
Project("{FAE04EC0-301F-11D3-BF4B-00C04F79EFBC}") = "Examples.Voucherify.Client.net40", "Examples\Examples.Voucherify.Client.net40\Examples.Voucherify.Client.net40.csproj", "{878A5D1E-161C-4AA7-9D42-897A422ED63C}"
EndProject
Project("{FAE04EC0-301F-11D3-BF4B-00C04F79EFBC}") = "Examples.Voucherify.Client.net45", "Examples\Examples.Voucherify.Client.net45\Examples.Voucherify.Client.net45.csproj", "{5C290745-8F34-4C91-B3E6-B31005C63C80}"
EndProject
Project("{9A19103F-16F7-4668-BE54-9A1E7A4F7556}") = "Examples.Voucherify.Client.netCore20", "Examples\Examples.Voucherify.Client.netCore20\Examples.Voucherify.Client.netCore20.csproj", "{9C174EF3-F3BE-45E7-8742-9D42A7782777}"
EndProject
Project("{9A19103F-16F7-4668-BE54-9A1E7A4F7556}") = "Examples.Voucherify.netCore20", "Examples\Examples.Voucherify.netCore20\Examples.Voucherify.netCore20.csproj", "{BFCC51E7-3D77-4A2B-9F92-66AB82567301}"
EndProject
Project("{FAE04EC0-301F-11D3-BF4B-00C04F79EFBC}") = "Examples.Voucherify.Client.XamarinForms.UWP", "Examples\Examples.Voucherify.Client.XamarinForms\Examples.Voucherify.Client.XamarinForms.UWP\Examples.Voucherify.Client.XamarinForms.UWP.csproj", "{697A0B57-21AD-47FA-B6BB-E8A0717338B6}"
EndProject
Project("{FAE04EC0-301F-11D3-BF4B-00C04F79EFBC}") = "Examples.Voucherify.Client.XamarinForms", "Examples\Examples.Voucherify.Client.XamarinForms\Examples.Voucherify.Client.XamarinForms\Examples.Voucherify.Client.XamarinForms.csproj", "{5D616178-DCC2-40F5-B9A4-06ACD0271243}"
EndProject
Global
	GlobalSection(SolutionConfigurationPlatforms) = preSolution
		Debug|Any CPU = Debug|Any CPU
		Debug|ARM = Debug|ARM
		Debug|x64 = Debug|x64
		Debug|x86 = Debug|x86
		Release|Any CPU = Release|Any CPU
		Release|ARM = Release|ARM
		Release|x64 = Release|x64
		Release|x86 = Release|x86
	EndGlobalSection
	GlobalSection(ProjectConfigurationPlatforms) = postSolution
		{18E6D436-CEBC-436D-B185-911289E7AC2A}.Debug|Any CPU.ActiveCfg = Debug|Any CPU
		{18E6D436-CEBC-436D-B185-911289E7AC2A}.Debug|Any CPU.Build.0 = Debug|Any CPU
		{18E6D436-CEBC-436D-B185-911289E7AC2A}.Debug|ARM.ActiveCfg = Debug|Any CPU
		{18E6D436-CEBC-436D-B185-911289E7AC2A}.Debug|ARM.Build.0 = Debug|Any CPU
		{18E6D436-CEBC-436D-B185-911289E7AC2A}.Debug|x64.ActiveCfg = Debug|Any CPU
		{18E6D436-CEBC-436D-B185-911289E7AC2A}.Debug|x64.Build.0 = Debug|Any CPU
		{18E6D436-CEBC-436D-B185-911289E7AC2A}.Debug|x86.ActiveCfg = Debug|Any CPU
		{18E6D436-CEBC-436D-B185-911289E7AC2A}.Debug|x86.Build.0 = Debug|Any CPU
		{18E6D436-CEBC-436D-B185-911289E7AC2A}.Release|Any CPU.ActiveCfg = Release|Any CPU
		{18E6D436-CEBC-436D-B185-911289E7AC2A}.Release|Any CPU.Build.0 = Release|Any CPU
		{18E6D436-CEBC-436D-B185-911289E7AC2A}.Release|ARM.ActiveCfg = Release|Any CPU
		{18E6D436-CEBC-436D-B185-911289E7AC2A}.Release|ARM.Build.0 = Release|Any CPU
		{18E6D436-CEBC-436D-B185-911289E7AC2A}.Release|x64.ActiveCfg = Release|Any CPU
		{18E6D436-CEBC-436D-B185-911289E7AC2A}.Release|x64.Build.0 = Release|Any CPU
		{18E6D436-CEBC-436D-B185-911289E7AC2A}.Release|x86.ActiveCfg = Release|Any CPU
		{18E6D436-CEBC-436D-B185-911289E7AC2A}.Release|x86.Build.0 = Release|Any CPU
		{94869AD2-C8CD-4131-9117-5FA49BF4096C}.Debug|Any CPU.ActiveCfg = Debug|Any CPU
		{94869AD2-C8CD-4131-9117-5FA49BF4096C}.Debug|Any CPU.Build.0 = Debug|Any CPU
		{94869AD2-C8CD-4131-9117-5FA49BF4096C}.Debug|ARM.ActiveCfg = Debug|Any CPU
		{94869AD2-C8CD-4131-9117-5FA49BF4096C}.Debug|ARM.Build.0 = Debug|Any CPU
		{94869AD2-C8CD-4131-9117-5FA49BF4096C}.Debug|x64.ActiveCfg = Debug|Any CPU
		{94869AD2-C8CD-4131-9117-5FA49BF4096C}.Debug|x64.Build.0 = Debug|Any CPU
		{94869AD2-C8CD-4131-9117-5FA49BF4096C}.Debug|x86.ActiveCfg = Debug|Any CPU
		{94869AD2-C8CD-4131-9117-5FA49BF4096C}.Debug|x86.Build.0 = Debug|Any CPU
		{94869AD2-C8CD-4131-9117-5FA49BF4096C}.Release|Any CPU.ActiveCfg = Release|Any CPU
		{94869AD2-C8CD-4131-9117-5FA49BF4096C}.Release|Any CPU.Build.0 = Release|Any CPU
		{94869AD2-C8CD-4131-9117-5FA49BF4096C}.Release|ARM.ActiveCfg = Release|Any CPU
		{94869AD2-C8CD-4131-9117-5FA49BF4096C}.Release|ARM.Build.0 = Release|Any CPU
		{94869AD2-C8CD-4131-9117-5FA49BF4096C}.Release|x64.ActiveCfg = Release|Any CPU
		{94869AD2-C8CD-4131-9117-5FA49BF4096C}.Release|x64.Build.0 = Release|Any CPU
		{94869AD2-C8CD-4131-9117-5FA49BF4096C}.Release|x86.ActiveCfg = Release|Any CPU
		{94869AD2-C8CD-4131-9117-5FA49BF4096C}.Release|x86.Build.0 = Release|Any CPU
		{B18CC1F4-6ED0-4A44-B16A-015A074FFE2F}.Debug|Any CPU.ActiveCfg = Debug|Any CPU
		{B18CC1F4-6ED0-4A44-B16A-015A074FFE2F}.Debug|Any CPU.Build.0 = Debug|Any CPU
		{B18CC1F4-6ED0-4A44-B16A-015A074FFE2F}.Debug|ARM.ActiveCfg = Debug|Any CPU
		{B18CC1F4-6ED0-4A44-B16A-015A074FFE2F}.Debug|ARM.Build.0 = Debug|Any CPU
		{B18CC1F4-6ED0-4A44-B16A-015A074FFE2F}.Debug|x64.ActiveCfg = Debug|Any CPU
		{B18CC1F4-6ED0-4A44-B16A-015A074FFE2F}.Debug|x64.Build.0 = Debug|Any CPU
		{B18CC1F4-6ED0-4A44-B16A-015A074FFE2F}.Debug|x86.ActiveCfg = Debug|Any CPU
		{B18CC1F4-6ED0-4A44-B16A-015A074FFE2F}.Debug|x86.Build.0 = Debug|Any CPU
		{B18CC1F4-6ED0-4A44-B16A-015A074FFE2F}.Release|Any CPU.ActiveCfg = Release|Any CPU
		{B18CC1F4-6ED0-4A44-B16A-015A074FFE2F}.Release|Any CPU.Build.0 = Release|Any CPU
		{B18CC1F4-6ED0-4A44-B16A-015A074FFE2F}.Release|ARM.ActiveCfg = Release|Any CPU
		{B18CC1F4-6ED0-4A44-B16A-015A074FFE2F}.Release|ARM.Build.0 = Release|Any CPU
		{B18CC1F4-6ED0-4A44-B16A-015A074FFE2F}.Release|x64.ActiveCfg = Release|Any CPU
		{B18CC1F4-6ED0-4A44-B16A-015A074FFE2F}.Release|x64.Build.0 = Release|Any CPU
		{B18CC1F4-6ED0-4A44-B16A-015A074FFE2F}.Release|x86.ActiveCfg = Release|Any CPU
		{B18CC1F4-6ED0-4A44-B16A-015A074FFE2F}.Release|x86.Build.0 = Release|Any CPU
		{4621C7EA-A415-4B47-BEA5-7D656E528417}.Debug|Any CPU.ActiveCfg = Debug|Any CPU
		{4621C7EA-A415-4B47-BEA5-7D656E528417}.Debug|Any CPU.Build.0 = Debug|Any CPU
		{4621C7EA-A415-4B47-BEA5-7D656E528417}.Debug|ARM.ActiveCfg = Debug|Any CPU
		{4621C7EA-A415-4B47-BEA5-7D656E528417}.Debug|ARM.Build.0 = Debug|Any CPU
		{4621C7EA-A415-4B47-BEA5-7D656E528417}.Debug|x64.ActiveCfg = Debug|Any CPU
		{4621C7EA-A415-4B47-BEA5-7D656E528417}.Debug|x64.Build.0 = Debug|Any CPU
		{4621C7EA-A415-4B47-BEA5-7D656E528417}.Debug|x86.ActiveCfg = Debug|Any CPU
		{4621C7EA-A415-4B47-BEA5-7D656E528417}.Debug|x86.Build.0 = Debug|Any CPU
		{4621C7EA-A415-4B47-BEA5-7D656E528417}.Release|Any CPU.ActiveCfg = Release|Any CPU
		{4621C7EA-A415-4B47-BEA5-7D656E528417}.Release|Any CPU.Build.0 = Release|Any CPU
		{4621C7EA-A415-4B47-BEA5-7D656E528417}.Release|ARM.ActiveCfg = Release|Any CPU
		{4621C7EA-A415-4B47-BEA5-7D656E528417}.Release|ARM.Build.0 = Release|Any CPU
		{4621C7EA-A415-4B47-BEA5-7D656E528417}.Release|x64.ActiveCfg = Release|Any CPU
		{4621C7EA-A415-4B47-BEA5-7D656E528417}.Release|x64.Build.0 = Release|Any CPU
		{4621C7EA-A415-4B47-BEA5-7D656E528417}.Release|x86.ActiveCfg = Release|Any CPU
		{4621C7EA-A415-4B47-BEA5-7D656E528417}.Release|x86.Build.0 = Release|Any CPU
		{A2FCBE7A-AA25-4FC2-BD23-EEB039AA1735}.Debug|Any CPU.ActiveCfg = Debug|Any CPU
		{A2FCBE7A-AA25-4FC2-BD23-EEB039AA1735}.Debug|Any CPU.Build.0 = Debug|Any CPU
		{A2FCBE7A-AA25-4FC2-BD23-EEB039AA1735}.Debug|ARM.ActiveCfg = Debug|Any CPU
		{A2FCBE7A-AA25-4FC2-BD23-EEB039AA1735}.Debug|ARM.Build.0 = Debug|Any CPU
		{A2FCBE7A-AA25-4FC2-BD23-EEB039AA1735}.Debug|x64.ActiveCfg = Debug|Any CPU
		{A2FCBE7A-AA25-4FC2-BD23-EEB039AA1735}.Debug|x64.Build.0 = Debug|Any CPU
		{A2FCBE7A-AA25-4FC2-BD23-EEB039AA1735}.Debug|x86.ActiveCfg = Debug|Any CPU
		{A2FCBE7A-AA25-4FC2-BD23-EEB039AA1735}.Debug|x86.Build.0 = Debug|Any CPU
		{A2FCBE7A-AA25-4FC2-BD23-EEB039AA1735}.Release|Any CPU.ActiveCfg = Release|Any CPU
		{A2FCBE7A-AA25-4FC2-BD23-EEB039AA1735}.Release|Any CPU.Build.0 = Release|Any CPU
		{A2FCBE7A-AA25-4FC2-BD23-EEB039AA1735}.Release|ARM.ActiveCfg = Release|Any CPU
		{A2FCBE7A-AA25-4FC2-BD23-EEB039AA1735}.Release|ARM.Build.0 = Release|Any CPU
		{A2FCBE7A-AA25-4FC2-BD23-EEB039AA1735}.Release|x64.ActiveCfg = Release|Any CPU
		{A2FCBE7A-AA25-4FC2-BD23-EEB039AA1735}.Release|x64.Build.0 = Release|Any CPU
		{A2FCBE7A-AA25-4FC2-BD23-EEB039AA1735}.Release|x86.ActiveCfg = Release|Any CPU
		{A2FCBE7A-AA25-4FC2-BD23-EEB039AA1735}.Release|x86.Build.0 = Release|Any CPU
		{E7A6DD90-BB0D-4813-8E93-79F1F7737D20}.Debug|Any CPU.ActiveCfg = Debug|Any CPU
		{E7A6DD90-BB0D-4813-8E93-79F1F7737D20}.Debug|Any CPU.Build.0 = Debug|Any CPU
		{E7A6DD90-BB0D-4813-8E93-79F1F7737D20}.Debug|ARM.ActiveCfg = Debug|Any CPU
		{E7A6DD90-BB0D-4813-8E93-79F1F7737D20}.Debug|ARM.Build.0 = Debug|Any CPU
		{E7A6DD90-BB0D-4813-8E93-79F1F7737D20}.Debug|x64.ActiveCfg = Debug|Any CPU
		{E7A6DD90-BB0D-4813-8E93-79F1F7737D20}.Debug|x64.Build.0 = Debug|Any CPU
		{E7A6DD90-BB0D-4813-8E93-79F1F7737D20}.Debug|x86.ActiveCfg = Debug|Any CPU
		{E7A6DD90-BB0D-4813-8E93-79F1F7737D20}.Debug|x86.Build.0 = Debug|Any CPU
		{E7A6DD90-BB0D-4813-8E93-79F1F7737D20}.Release|Any CPU.ActiveCfg = Release|Any CPU
		{E7A6DD90-BB0D-4813-8E93-79F1F7737D20}.Release|Any CPU.Build.0 = Release|Any CPU
		{E7A6DD90-BB0D-4813-8E93-79F1F7737D20}.Release|ARM.ActiveCfg = Release|Any CPU
		{E7A6DD90-BB0D-4813-8E93-79F1F7737D20}.Release|ARM.Build.0 = Release|Any CPU
		{E7A6DD90-BB0D-4813-8E93-79F1F7737D20}.Release|x64.ActiveCfg = Release|Any CPU
		{E7A6DD90-BB0D-4813-8E93-79F1F7737D20}.Release|x64.Build.0 = Release|Any CPU
		{E7A6DD90-BB0D-4813-8E93-79F1F7737D20}.Release|x86.ActiveCfg = Release|Any CPU
		{E7A6DD90-BB0D-4813-8E93-79F1F7737D20}.Release|x86.Build.0 = Release|Any CPU
		{E2A79255-77BE-470A-8E2E-7D2AA4F7611F}.Debug|Any CPU.ActiveCfg = Debug|Any CPU
		{E2A79255-77BE-470A-8E2E-7D2AA4F7611F}.Debug|Any CPU.Build.0 = Debug|Any CPU
		{E2A79255-77BE-470A-8E2E-7D2AA4F7611F}.Debug|ARM.ActiveCfg = Debug|Any CPU
		{E2A79255-77BE-470A-8E2E-7D2AA4F7611F}.Debug|ARM.Build.0 = Debug|Any CPU
		{E2A79255-77BE-470A-8E2E-7D2AA4F7611F}.Debug|x64.ActiveCfg = Debug|Any CPU
		{E2A79255-77BE-470A-8E2E-7D2AA4F7611F}.Debug|x64.Build.0 = Debug|Any CPU
		{E2A79255-77BE-470A-8E2E-7D2AA4F7611F}.Debug|x86.ActiveCfg = Debug|Any CPU
		{E2A79255-77BE-470A-8E2E-7D2AA4F7611F}.Debug|x86.Build.0 = Debug|Any CPU
		{E2A79255-77BE-470A-8E2E-7D2AA4F7611F}.Release|Any CPU.ActiveCfg = Release|Any CPU
		{E2A79255-77BE-470A-8E2E-7D2AA4F7611F}.Release|Any CPU.Build.0 = Release|Any CPU
		{E2A79255-77BE-470A-8E2E-7D2AA4F7611F}.Release|ARM.ActiveCfg = Release|Any CPU
		{E2A79255-77BE-470A-8E2E-7D2AA4F7611F}.Release|ARM.Build.0 = Release|Any CPU
		{E2A79255-77BE-470A-8E2E-7D2AA4F7611F}.Release|x64.ActiveCfg = Release|Any CPU
		{E2A79255-77BE-470A-8E2E-7D2AA4F7611F}.Release|x64.Build.0 = Release|Any CPU
		{E2A79255-77BE-470A-8E2E-7D2AA4F7611F}.Release|x86.ActiveCfg = Release|Any CPU
		{E2A79255-77BE-470A-8E2E-7D2AA4F7611F}.Release|x86.Build.0 = Release|Any CPU
		{4492EF04-2325-4C5E-8D62-28D4D629343A}.Debug|Any CPU.ActiveCfg = Debug|Any CPU
		{4492EF04-2325-4C5E-8D62-28D4D629343A}.Debug|Any CPU.Build.0 = Debug|Any CPU
		{4492EF04-2325-4C5E-8D62-28D4D629343A}.Debug|ARM.ActiveCfg = Debug|Any CPU
		{4492EF04-2325-4C5E-8D62-28D4D629343A}.Debug|ARM.Build.0 = Debug|Any CPU
		{4492EF04-2325-4C5E-8D62-28D4D629343A}.Debug|x64.ActiveCfg = Debug|Any CPU
		{4492EF04-2325-4C5E-8D62-28D4D629343A}.Debug|x64.Build.0 = Debug|Any CPU
		{4492EF04-2325-4C5E-8D62-28D4D629343A}.Debug|x86.ActiveCfg = Debug|Any CPU
		{4492EF04-2325-4C5E-8D62-28D4D629343A}.Debug|x86.Build.0 = Debug|Any CPU
		{4492EF04-2325-4C5E-8D62-28D4D629343A}.Release|Any CPU.ActiveCfg = Release|Any CPU
		{4492EF04-2325-4C5E-8D62-28D4D629343A}.Release|Any CPU.Build.0 = Release|Any CPU
		{4492EF04-2325-4C5E-8D62-28D4D629343A}.Release|ARM.ActiveCfg = Release|Any CPU
		{4492EF04-2325-4C5E-8D62-28D4D629343A}.Release|ARM.Build.0 = Release|Any CPU
		{4492EF04-2325-4C5E-8D62-28D4D629343A}.Release|x64.ActiveCfg = Release|Any CPU
		{4492EF04-2325-4C5E-8D62-28D4D629343A}.Release|x64.Build.0 = Release|Any CPU
		{4492EF04-2325-4C5E-8D62-28D4D629343A}.Release|x86.ActiveCfg = Release|Any CPU
		{4492EF04-2325-4C5E-8D62-28D4D629343A}.Release|x86.Build.0 = Release|Any CPU
		{4AA5D59A-D43E-4082-8DA4-4ECC37E46489}.Debug|Any CPU.ActiveCfg = Debug|Any CPU
		{4AA5D59A-D43E-4082-8DA4-4ECC37E46489}.Debug|Any CPU.Build.0 = Debug|Any CPU
		{4AA5D59A-D43E-4082-8DA4-4ECC37E46489}.Debug|ARM.ActiveCfg = Debug|Any CPU
		{4AA5D59A-D43E-4082-8DA4-4ECC37E46489}.Debug|ARM.Build.0 = Debug|Any CPU
		{4AA5D59A-D43E-4082-8DA4-4ECC37E46489}.Debug|x64.ActiveCfg = Debug|Any CPU
		{4AA5D59A-D43E-4082-8DA4-4ECC37E46489}.Debug|x64.Build.0 = Debug|Any CPU
		{4AA5D59A-D43E-4082-8DA4-4ECC37E46489}.Debug|x86.ActiveCfg = Debug|Any CPU
		{4AA5D59A-D43E-4082-8DA4-4ECC37E46489}.Debug|x86.Build.0 = Debug|Any CPU
		{4AA5D59A-D43E-4082-8DA4-4ECC37E46489}.Release|Any CPU.ActiveCfg = Release|Any CPU
		{4AA5D59A-D43E-4082-8DA4-4ECC37E46489}.Release|Any CPU.Build.0 = Release|Any CPU
		{4AA5D59A-D43E-4082-8DA4-4ECC37E46489}.Release|ARM.ActiveCfg = Release|Any CPU
		{4AA5D59A-D43E-4082-8DA4-4ECC37E46489}.Release|ARM.Build.0 = Release|Any CPU
		{4AA5D59A-D43E-4082-8DA4-4ECC37E46489}.Release|x64.ActiveCfg = Release|Any CPU
		{4AA5D59A-D43E-4082-8DA4-4ECC37E46489}.Release|x64.Build.0 = Release|Any CPU
		{4AA5D59A-D43E-4082-8DA4-4ECC37E46489}.Release|x86.ActiveCfg = Release|Any CPU
		{4AA5D59A-D43E-4082-8DA4-4ECC37E46489}.Release|x86.Build.0 = Release|Any CPU
		{878A5D1E-161C-4AA7-9D42-897A422ED63C}.Debug|Any CPU.ActiveCfg = Debug|Any CPU
		{878A5D1E-161C-4AA7-9D42-897A422ED63C}.Debug|Any CPU.Build.0 = Debug|Any CPU
		{878A5D1E-161C-4AA7-9D42-897A422ED63C}.Debug|ARM.ActiveCfg = Debug|Any CPU
		{878A5D1E-161C-4AA7-9D42-897A422ED63C}.Debug|ARM.Build.0 = Debug|Any CPU
		{878A5D1E-161C-4AA7-9D42-897A422ED63C}.Debug|x64.ActiveCfg = Debug|Any CPU
		{878A5D1E-161C-4AA7-9D42-897A422ED63C}.Debug|x64.Build.0 = Debug|Any CPU
		{878A5D1E-161C-4AA7-9D42-897A422ED63C}.Debug|x86.ActiveCfg = Debug|Any CPU
		{878A5D1E-161C-4AA7-9D42-897A422ED63C}.Debug|x86.Build.0 = Debug|Any CPU
		{878A5D1E-161C-4AA7-9D42-897A422ED63C}.Release|Any CPU.ActiveCfg = Release|Any CPU
		{878A5D1E-161C-4AA7-9D42-897A422ED63C}.Release|Any CPU.Build.0 = Release|Any CPU
		{878A5D1E-161C-4AA7-9D42-897A422ED63C}.Release|ARM.ActiveCfg = Release|Any CPU
		{878A5D1E-161C-4AA7-9D42-897A422ED63C}.Release|ARM.Build.0 = Release|Any CPU
		{878A5D1E-161C-4AA7-9D42-897A422ED63C}.Release|x64.ActiveCfg = Release|Any CPU
		{878A5D1E-161C-4AA7-9D42-897A422ED63C}.Release|x64.Build.0 = Release|Any CPU
		{878A5D1E-161C-4AA7-9D42-897A422ED63C}.Release|x86.ActiveCfg = Release|Any CPU
		{878A5D1E-161C-4AA7-9D42-897A422ED63C}.Release|x86.Build.0 = Release|Any CPU
		{5C290745-8F34-4C91-B3E6-B31005C63C80}.Debug|Any CPU.ActiveCfg = Debug|Any CPU
		{5C290745-8F34-4C91-B3E6-B31005C63C80}.Debug|Any CPU.Build.0 = Debug|Any CPU
		{5C290745-8F34-4C91-B3E6-B31005C63C80}.Debug|ARM.ActiveCfg = Debug|Any CPU
		{5C290745-8F34-4C91-B3E6-B31005C63C80}.Debug|ARM.Build.0 = Debug|Any CPU
		{5C290745-8F34-4C91-B3E6-B31005C63C80}.Debug|x64.ActiveCfg = Debug|Any CPU
		{5C290745-8F34-4C91-B3E6-B31005C63C80}.Debug|x64.Build.0 = Debug|Any CPU
		{5C290745-8F34-4C91-B3E6-B31005C63C80}.Debug|x86.ActiveCfg = Debug|Any CPU
		{5C290745-8F34-4C91-B3E6-B31005C63C80}.Debug|x86.Build.0 = Debug|Any CPU
		{5C290745-8F34-4C91-B3E6-B31005C63C80}.Release|Any CPU.ActiveCfg = Release|Any CPU
		{5C290745-8F34-4C91-B3E6-B31005C63C80}.Release|Any CPU.Build.0 = Release|Any CPU
		{5C290745-8F34-4C91-B3E6-B31005C63C80}.Release|ARM.ActiveCfg = Release|Any CPU
		{5C290745-8F34-4C91-B3E6-B31005C63C80}.Release|ARM.Build.0 = Release|Any CPU
		{5C290745-8F34-4C91-B3E6-B31005C63C80}.Release|x64.ActiveCfg = Release|Any CPU
		{5C290745-8F34-4C91-B3E6-B31005C63C80}.Release|x64.Build.0 = Release|Any CPU
		{5C290745-8F34-4C91-B3E6-B31005C63C80}.Release|x86.ActiveCfg = Release|Any CPU
		{5C290745-8F34-4C91-B3E6-B31005C63C80}.Release|x86.Build.0 = Release|Any CPU
		{9C174EF3-F3BE-45E7-8742-9D42A7782777}.Debug|Any CPU.ActiveCfg = Debug|Any CPU
		{9C174EF3-F3BE-45E7-8742-9D42A7782777}.Debug|Any CPU.Build.0 = Debug|Any CPU
		{9C174EF3-F3BE-45E7-8742-9D42A7782777}.Debug|ARM.ActiveCfg = Debug|Any CPU
		{9C174EF3-F3BE-45E7-8742-9D42A7782777}.Debug|ARM.Build.0 = Debug|Any CPU
		{9C174EF3-F3BE-45E7-8742-9D42A7782777}.Debug|x64.ActiveCfg = Debug|Any CPU
		{9C174EF3-F3BE-45E7-8742-9D42A7782777}.Debug|x64.Build.0 = Debug|Any CPU
		{9C174EF3-F3BE-45E7-8742-9D42A7782777}.Debug|x86.ActiveCfg = Debug|Any CPU
		{9C174EF3-F3BE-45E7-8742-9D42A7782777}.Debug|x86.Build.0 = Debug|Any CPU
		{9C174EF3-F3BE-45E7-8742-9D42A7782777}.Release|Any CPU.ActiveCfg = Release|Any CPU
		{9C174EF3-F3BE-45E7-8742-9D42A7782777}.Release|Any CPU.Build.0 = Release|Any CPU
		{9C174EF3-F3BE-45E7-8742-9D42A7782777}.Release|ARM.ActiveCfg = Release|Any CPU
		{9C174EF3-F3BE-45E7-8742-9D42A7782777}.Release|ARM.Build.0 = Release|Any CPU
		{9C174EF3-F3BE-45E7-8742-9D42A7782777}.Release|x64.ActiveCfg = Release|Any CPU
		{9C174EF3-F3BE-45E7-8742-9D42A7782777}.Release|x64.Build.0 = Release|Any CPU
		{9C174EF3-F3BE-45E7-8742-9D42A7782777}.Release|x86.ActiveCfg = Release|Any CPU
		{9C174EF3-F3BE-45E7-8742-9D42A7782777}.Release|x86.Build.0 = Release|Any CPU
		{BFCC51E7-3D77-4A2B-9F92-66AB82567301}.Debug|Any CPU.ActiveCfg = Debug|Any CPU
		{BFCC51E7-3D77-4A2B-9F92-66AB82567301}.Debug|Any CPU.Build.0 = Debug|Any CPU
		{BFCC51E7-3D77-4A2B-9F92-66AB82567301}.Debug|ARM.ActiveCfg = Debug|Any CPU
		{BFCC51E7-3D77-4A2B-9F92-66AB82567301}.Debug|ARM.Build.0 = Debug|Any CPU
		{BFCC51E7-3D77-4A2B-9F92-66AB82567301}.Debug|x64.ActiveCfg = Debug|Any CPU
		{BFCC51E7-3D77-4A2B-9F92-66AB82567301}.Debug|x64.Build.0 = Debug|Any CPU
		{BFCC51E7-3D77-4A2B-9F92-66AB82567301}.Debug|x86.ActiveCfg = Debug|Any CPU
		{BFCC51E7-3D77-4A2B-9F92-66AB82567301}.Debug|x86.Build.0 = Debug|Any CPU
		{BFCC51E7-3D77-4A2B-9F92-66AB82567301}.Release|Any CPU.ActiveCfg = Release|Any CPU
		{BFCC51E7-3D77-4A2B-9F92-66AB82567301}.Release|Any CPU.Build.0 = Release|Any CPU
		{BFCC51E7-3D77-4A2B-9F92-66AB82567301}.Release|ARM.ActiveCfg = Release|Any CPU
		{BFCC51E7-3D77-4A2B-9F92-66AB82567301}.Release|ARM.Build.0 = Release|Any CPU
		{BFCC51E7-3D77-4A2B-9F92-66AB82567301}.Release|x64.ActiveCfg = Release|Any CPU
		{BFCC51E7-3D77-4A2B-9F92-66AB82567301}.Release|x64.Build.0 = Release|Any CPU
		{BFCC51E7-3D77-4A2B-9F92-66AB82567301}.Release|x86.ActiveCfg = Release|Any CPU
		{BFCC51E7-3D77-4A2B-9F92-66AB82567301}.Release|x86.Build.0 = Release|Any CPU
		{697A0B57-21AD-47FA-B6BB-E8A0717338B6}.Debug|Any CPU.ActiveCfg = Debug|x86
		{697A0B57-21AD-47FA-B6BB-E8A0717338B6}.Debug|Any CPU.Build.0 = Debug|x86
		{697A0B57-21AD-47FA-B6BB-E8A0717338B6}.Debug|Any CPU.Deploy.0 = Debug|x86
		{697A0B57-21AD-47FA-B6BB-E8A0717338B6}.Debug|ARM.ActiveCfg = Debug|ARM
		{697A0B57-21AD-47FA-B6BB-E8A0717338B6}.Debug|ARM.Build.0 = Debug|ARM
		{697A0B57-21AD-47FA-B6BB-E8A0717338B6}.Debug|ARM.Deploy.0 = Debug|ARM
		{697A0B57-21AD-47FA-B6BB-E8A0717338B6}.Debug|x64.ActiveCfg = Debug|x64
		{697A0B57-21AD-47FA-B6BB-E8A0717338B6}.Debug|x64.Build.0 = Debug|x64
		{697A0B57-21AD-47FA-B6BB-E8A0717338B6}.Debug|x64.Deploy.0 = Debug|x64
		{697A0B57-21AD-47FA-B6BB-E8A0717338B6}.Debug|x86.ActiveCfg = Debug|x86
		{697A0B57-21AD-47FA-B6BB-E8A0717338B6}.Debug|x86.Build.0 = Debug|x86
		{697A0B57-21AD-47FA-B6BB-E8A0717338B6}.Debug|x86.Deploy.0 = Debug|x86
		{697A0B57-21AD-47FA-B6BB-E8A0717338B6}.Release|Any CPU.ActiveCfg = Release|x86
		{697A0B57-21AD-47FA-B6BB-E8A0717338B6}.Release|ARM.ActiveCfg = Release|ARM
		{697A0B57-21AD-47FA-B6BB-E8A0717338B6}.Release|ARM.Build.0 = Release|ARM
		{697A0B57-21AD-47FA-B6BB-E8A0717338B6}.Release|ARM.Deploy.0 = Release|ARM
		{697A0B57-21AD-47FA-B6BB-E8A0717338B6}.Release|x64.ActiveCfg = Release|x64
		{697A0B57-21AD-47FA-B6BB-E8A0717338B6}.Release|x64.Build.0 = Release|x64
		{697A0B57-21AD-47FA-B6BB-E8A0717338B6}.Release|x64.Deploy.0 = Release|x64
		{697A0B57-21AD-47FA-B6BB-E8A0717338B6}.Release|x86.ActiveCfg = Release|x86
		{697A0B57-21AD-47FA-B6BB-E8A0717338B6}.Release|x86.Build.0 = Release|x86
		{697A0B57-21AD-47FA-B6BB-E8A0717338B6}.Release|x86.Deploy.0 = Release|x86
		{5D616178-DCC2-40F5-B9A4-06ACD0271243}.Debug|Any CPU.ActiveCfg = Debug|Any CPU
		{5D616178-DCC2-40F5-B9A4-06ACD0271243}.Debug|Any CPU.Build.0 = Debug|Any CPU
		{5D616178-DCC2-40F5-B9A4-06ACD0271243}.Debug|ARM.ActiveCfg = Debug|Any CPU
		{5D616178-DCC2-40F5-B9A4-06ACD0271243}.Debug|ARM.Build.0 = Debug|Any CPU
		{5D616178-DCC2-40F5-B9A4-06ACD0271243}.Debug|x64.ActiveCfg = Debug|Any CPU
		{5D616178-DCC2-40F5-B9A4-06ACD0271243}.Debug|x64.Build.0 = Debug|Any CPU
		{5D616178-DCC2-40F5-B9A4-06ACD0271243}.Debug|x86.ActiveCfg = Debug|Any CPU
		{5D616178-DCC2-40F5-B9A4-06ACD0271243}.Debug|x86.Build.0 = Debug|Any CPU
		{5D616178-DCC2-40F5-B9A4-06ACD0271243}.Release|Any CPU.ActiveCfg = Release|Any CPU
		{5D616178-DCC2-40F5-B9A4-06ACD0271243}.Release|Any CPU.Build.0 = Release|Any CPU
		{5D616178-DCC2-40F5-B9A4-06ACD0271243}.Release|ARM.ActiveCfg = Release|Any CPU
		{5D616178-DCC2-40F5-B9A4-06ACD0271243}.Release|ARM.Build.0 = Release|Any CPU
		{5D616178-DCC2-40F5-B9A4-06ACD0271243}.Release|x64.ActiveCfg = Release|Any CPU
		{5D616178-DCC2-40F5-B9A4-06ACD0271243}.Release|x64.Build.0 = Release|Any CPU
		{5D616178-DCC2-40F5-B9A4-06ACD0271243}.Release|x86.ActiveCfg = Release|Any CPU
		{5D616178-DCC2-40F5-B9A4-06ACD0271243}.Release|x86.Build.0 = Release|Any CPU
	EndGlobalSection
	GlobalSection(SolutionProperties) = preSolution
		HideSolutionNode = FALSE
	EndGlobalSection
	GlobalSection(NestedProjects) = preSolution
		{18E6D436-CEBC-436D-B185-911289E7AC2A} = {78489356-336C-4BAF-B406-20B3E4C23B63}
		{94869AD2-C8CD-4131-9117-5FA49BF4096C} = {78489356-336C-4BAF-B406-20B3E4C23B63}
		{B18CC1F4-6ED0-4A44-B16A-015A074FFE2F} = {019149ED-6D4B-4DFF-B983-1EDE5FAD0DD2}
		{4621C7EA-A415-4B47-BEA5-7D656E528417} = {E8CB5AB4-ADFE-48BC-B3B6-6C2C2A8DD798}
		{A2FCBE7A-AA25-4FC2-BD23-EEB039AA1735} = {E8CB5AB4-ADFE-48BC-B3B6-6C2C2A8DD798}
		{E7A6DD90-BB0D-4813-8E93-79F1F7737D20} = {E8CB5AB4-ADFE-48BC-B3B6-6C2C2A8DD798}
		{E2A79255-77BE-470A-8E2E-7D2AA4F7611F} = {E8CB5AB4-ADFE-48BC-B3B6-6C2C2A8DD798}
		{4492EF04-2325-4C5E-8D62-28D4D629343A} = {E8CB5AB4-ADFE-48BC-B3B6-6C2C2A8DD798}
		{4AA5D59A-D43E-4082-8DA4-4ECC37E46489} = {E8CB5AB4-ADFE-48BC-B3B6-6C2C2A8DD798}
		{878A5D1E-161C-4AA7-9D42-897A422ED63C} = {E8CB5AB4-ADFE-48BC-B3B6-6C2C2A8DD798}
		{5C290745-8F34-4C91-B3E6-B31005C63C80} = {E8CB5AB4-ADFE-48BC-B3B6-6C2C2A8DD798}
		{9C174EF3-F3BE-45E7-8742-9D42A7782777} = {E8CB5AB4-ADFE-48BC-B3B6-6C2C2A8DD798}
		{BFCC51E7-3D77-4A2B-9F92-66AB82567301} = {E8CB5AB4-ADFE-48BC-B3B6-6C2C2A8DD798}
		{697A0B57-21AD-47FA-B6BB-E8A0717338B6} = {E8CB5AB4-ADFE-48BC-B3B6-6C2C2A8DD798}
		{5D616178-DCC2-40F5-B9A4-06ACD0271243} = {E8CB5AB4-ADFE-48BC-B3B6-6C2C2A8DD798}
	EndGlobalSection
	GlobalSection(ExtensibilityGlobals) = postSolution
		SolutionGuid = {0C7BD0E4-D79A-4D09-BF51-F95BEEFF70BB}
	EndGlobalSection
EndGlobal
