
Microsoft Visual Studio Solution File, Format Version 12.00
# Visual Studio 14
VisualStudioVersion = 14.0.25123.0
MinimumVisualStudioVersion = 10.0.40219.1
Project("{FAE04EC0-301F-11D3-BF4B-00C04F79EFBC}") = "Voucherify.Client.net35", "Voucherify.Client\Voucherify.Client.net35.csproj", "{136E8C0C-3E92-42AD-84A5-109612BB51EB}"
EndProject
Project("{FAE04EC0-301F-11D3-BF4B-00C04F79EFBC}") = "Voucherify.Client.net40", "Voucherify.Client\Voucherify.Client.net40.csproj", "{98D10C3F-5B1A-472B-B32B-E2D6F9613D60}"
EndProject
Project("{FAE04EC0-301F-11D3-BF4B-00C04F79EFBC}") = "Voucherify.Client.net45", "Voucherify.Client\Voucherify.Client.net45.csproj", "{1CFCEB3B-1219-433D-B603-8B465FE517A0}"
EndProject
Project("{FAE04EC0-301F-11D3-BF4B-00C04F79EFBC}") = "Voucherify.Client.net20", "Voucherify.Client\Voucherify.Client.net20.csproj", "{B1C3D407-1EE6-4603-B00E-05EE8FAB876A}"
EndProject
Project("{FAE04EC0-301F-11D3-BF4B-00C04F79EFBC}") = "Voucherify.Client.net45.Portable", "Voucherify.Client\Voucherify.Client.net45.Portable.csproj", "{C029B9E7-E636-4C2D-B178-C3288D24884C}"
EndProject
Global
	GlobalSection(SolutionConfigurationPlatforms) = preSolution
		Debug|Any CPU = Debug|Any CPU
		Release|Any CPU = Release|Any CPU
	EndGlobalSection
	GlobalSection(ProjectConfigurationPlatforms) = postSolution
		{136E8C0C-3E92-42AD-84A5-109612BB51EB}.Debug|Any CPU.ActiveCfg = Debug|Any CPU
		{136E8C0C-3E92-42AD-84A5-109612BB51EB}.Debug|Any CPU.Build.0 = Debug|Any CPU
		{136E8C0C-3E92-42AD-84A5-109612BB51EB}.Release|Any CPU.ActiveCfg = Release|Any CPU
		{136E8C0C-3E92-42AD-84A5-109612BB51EB}.Release|Any CPU.Build.0 = Release|Any CPU
		{98D10C3F-5B1A-472B-B32B-E2D6F9613D60}.Debug|Any CPU.ActiveCfg = Debug|Any CPU
		{98D10C3F-5B1A-472B-B32B-E2D6F9613D60}.Debug|Any CPU.Build.0 = Debug|Any CPU
		{98D10C3F-5B1A-472B-B32B-E2D6F9613D60}.Release|Any CPU.ActiveCfg = Release|Any CPU
		{98D10C3F-5B1A-472B-B32B-E2D6F9613D60}.Release|Any CPU.Build.0 = Release|Any CPU
		{1CFCEB3B-1219-433D-B603-8B465FE517A0}.Debug|Any CPU.ActiveCfg = Debug|Any CPU
		{1CFCEB3B-1219-433D-B603-8B465FE517A0}.Debug|Any CPU.Build.0 = Debug|Any CPU
		{1CFCEB3B-1219-433D-B603-8B465FE517A0}.Release|Any CPU.ActiveCfg = Release|Any CPU
		{1CFCEB3B-1219-433D-B603-8B465FE517A0}.Release|Any CPU.Build.0 = Release|Any CPU
		{B1C3D407-1EE6-4603-B00E-05EE8FAB876A}.Debug|Any CPU.ActiveCfg = Debug|Any CPU
		{B1C3D407-1EE6-4603-B00E-05EE8FAB876A}.Debug|Any CPU.Build.0 = Debug|Any CPU
		{B1C3D407-1EE6-4603-B00E-05EE8FAB876A}.Release|Any CPU.ActiveCfg = Release|Any CPU
		{B1C3D407-1EE6-4603-B00E-05EE8FAB876A}.Release|Any CPU.Build.0 = Release|Any CPU
		{C029B9E7-E636-4C2D-B178-C3288D24884C}.Debug|Any CPU.ActiveCfg = Debug|Any CPU
		{C029B9E7-E636-4C2D-B178-C3288D24884C}.Debug|Any CPU.Build.0 = Debug|Any CPU
		{C029B9E7-E636-4C2D-B178-C3288D24884C}.Release|Any CPU.ActiveCfg = Release|Any CPU
		{C029B9E7-E636-4C2D-B178-C3288D24884C}.Release|Any CPU.Build.0 = Release|Any CPU
	EndGlobalSection
	GlobalSection(SolutionProperties) = preSolution
		HideSolutionNode = FALSE
	EndGlobalSection
EndGlobal
